// !$*UTF8*$!
{
	archiveVersion = 1;
	classes = {
	};
	objectVersion = 46;
	objects = {

/* Begin PBXBuildFile section */
		5476D4F41CAF888E0038913D /* main.cpp in Sources */ = {isa = PBXBuildFile; fileRef = 5476D4F31CAF888E0038913D /* main.cpp */; };
		5476D4FB1CAF88CB0038913D /* FBullCowGame.cpp in Sources */ = {isa = PBXBuildFile; fileRef = 5476D4FA1CAF88CB0038913D /* FBullCowGame.cpp */; };
/* End PBXBuildFile section */

/* Begin PBXCopyFilesBuildPhase section */
		5476D4EE1CAF888E0038913D /* CopyFiles */ = {
			isa = PBXCopyFilesBuildPhase;
			buildActionMask = 2147483647;
			dstPath = /usr/share/man/man1/;
			dstSubfolderSpec = 0;
			files = (
			);
			runOnlyForDeploymentPostprocessing = 1;
		};
/* End PBXCopyFilesBuildPhase section */

/* Begin PBXFileReference section */
		5476D4F01CAF888E0038913D /* BCGame */ = {isa = PBXFileReference; explicitFileType = "compiled.mach-o.executable"; includeInIndex = 0; path = BCGame; sourceTree = BUILT_PRODUCTS_DIR; };
		5476D4F31CAF888E0038913D /* main.cpp */ = {isa = PBXFileReference; lastKnownFileType = sourcecode.cpp.cpp; path = main.cpp; sourceTree = "<group>"; };
		5476D4FA1CAF88CB0038913D /* FBullCowGame.cpp */ = {isa = PBXFileReference; fileEncoding = 4; lastKnownFileType = sourcecode.cpp.cpp; path = FBullCowGame.cpp; sourceTree = "<group>"; };
		5476D4FC1CAF88D30038913D /* FBullCowGame.h */ = {isa = PBXFileReference; lastKnownFileType = sourcecode.c.h; path = FBullCowGame.h; sourceTree = "<group>"; };
/* End PBXFileReference section */

/* Begin PBXFrameworksBuildPhase section */
		5476D4ED1CAF888E0038913D /* Frameworks */ = {
			isa = PBXFrameworksBuildPhase;
			buildActionMask = 2147483647;
			files = (
			);
			runOnlyForDeploymentPostprocessing = 0;
		};
/* End PBXFrameworksBuildPhase section */

/* Begin PBXGroup section */
		5476D4E71CAF888E0038913D = {
			isa = PBXGroup;
			children = (
				5476D4F21CAF888E0038913D /* BCGame */,
				5476D4F11CAF888E0038913D /* Products */,
			);
			sourceTree = "<group>";
		};
		5476D4F11CAF888E0038913D /* Products */ = {
			isa = PBXGroup;
			children = (
				5476D4F01CAF888E0038913D /* BCGame */,
			);
			name = Products;
			sourceTree = "<group>";
		};
		5476D4F21CAF888E0038913D /* BCGame */ = {
			isa = PBXGroup;
			children = (
				5476D4F31CAF888E0038913D /* main.cpp */,
				5476D4FA1CAF88CB0038913D /* FBullCowGame.cpp */,
				5476D4FC1CAF88D30038913D /* FBullCowGame.h */,
			);
			path = BCGame;
			sourceTree = "<group>";
		};
/* End PBXGroup section */

/* Begin PBXNativeTarget section */
		5476D4EF1CAF888E0038913D /* BCGame */ = {
			isa = PBXNativeTarget;
			buildConfigurationList = 5476D4F71CAF888E0038913D /* Build configuration list for PBXNativeTarget "BCGame" */;
			buildPhases = (
				5476D4EC1CAF888E0038913D /* Sources */,
				5476D4ED1CAF888E0038913D /* Frameworks */,
				5476D4EE1CAF888E0038913D /* CopyFiles */,
			);
			buildRules = (
			);
			dependencies = (
			);
			name = BCGame;
			productName = BCGame;
			productReference = 5476D4F01CAF888E0038913D /* BCGame */;
			productType = "com.apple.product-type.tool";
		};
/* End PBXNativeTarget section */

/* Begin PBXProject section */
		5476D4E81CAF888E0038913D /* Project object */ = {
			isa = PBXProject;
			attributes = {
				LastUpgradeCheck = 0730;
				ORGANIZATIONNAME = "Marcus Rizko";
				TargetAttributes = {
					5476D4EF1CAF888E0038913D = {
						CreatedOnToolsVersion = 7.3;
					};
				};
			};
			buildConfigurationList = 5476D4EB1CAF888E0038913D /* Build configuration list for PBXProject "BCGame" */;
			compatibilityVersion = "Xcode 3.2";
			developmentRegion = English;
			hasScannedForEncodings = 0;
			knownRegions = (
				en,
			);
			mainGroup = 5476D4E71CAF888E0038913D;
			productRefGroup = 5476D4F11CAF888E0038913D /* Products */;
			projectDirPath = "";
			projectRoot = "";
			targets = (
				5476D4EF1CAF888E0038913D /* BCGame */,
			);
		};
/* End PBXProject section */

/* Begin PBXSourcesBuildPhase section */
		5476D4EC1CAF888E0038913D /* Sources */ = {
			isa = PBXSourcesBuildPhase;
			buildActionMask = 2147483647;
			files = (
				5476D4F41CAF888E0038913D /* main.cpp in Sources */,
				5476D4FB1CAF88CB0038913D /* FBullCowGame.cpp in Sources */,
			);
			runOnlyForDeploymentPostprocessing = 0;
		};
/* End PBXSourcesBuildPhase section */

/* Begin XCBuildConfiguration section */
		5476D4F51CAF888E0038913D /* Debug */ = {
			isa = XCBuildConfiguration;
			buildSettings = {
				ALWAYS_SEARCH_USER_PATHS = NO;
				CLANG_ANALYZER_NONNULL = YES;
				CLANG_CXX_LANGUAGE_STANDARD = "gnu++0x";
				CLANG_CXX_LIBRARY = "libc++";
				CLANG_ENABLE_MODULES = YES;
				CLANG_ENABLE_OBJC_ARC = YES;
				CLANG_WARN_BOOL_CONVERSION = YES;
				CLANG_WARN_CONSTANT_CONVERSION = YES;
				CLANG_WARN_DIRECT_OBJC_ISA_USAGE = YES_ERROR;
				CLANG_WARN_EMPTY_BODY = YES;
				CLANG_WARN_ENUM_CONVERSION = YES;
				CLANG_WARN_INT_CONVERSION = YES;
				CLANG_WARN_OBJC_ROOT_CLASS = YES_ERROR;
				CLANG_WARN_UNREACHABLE_CODE = YES;
				CLANG_WARN__DUPLICATE_METHOD_MATCH = YES;
				CODE_SIGN_IDENTITY = "-";
				COPY_PHASE_STRIP = NO;
				DEBUG_INFORMATION_FORMAT = dwarf;
				ENABLE_STRICT_OBJC_MSGSEND = YES;
				ENABLE_TESTABILITY = YES;
				GCC_C_LANGUAGE_STANDARD = gnu99;
				GCC_DYNAMIC_NO_PIC = NO;
				GCC_NO_COMMON_BLOCKS = YES;
				GCC_OPTIMIZATION_LEVEL = 0;
				GCC_PREPROCESSOR_DEFINITIONS = (
					"DEBUG=1",
					"$(inherited)",
				);
				GCC_WARN_64_TO_32_BIT_CONVERSION = YES;
				GCC_WARN_ABOUT_RETURN_TYPE = YES_ERROR;
				GCC_WARN_UNDECLARED_SELECTOR = YES;
				GCC_WARN_UNINITIALIZED_AUTOS = YES_AGGRESSIVE;
				GCC_WARN_UNUSED_FUNCTION = YES;
				GCC_WARN_UNUSED_VARIABLE = YES;
				MACOSX_DEPLOYMENT_TARGET = 10.11;
				MTL_ENABLE_DEBUG_INFO = YES;
				ONLY_ACTIVE_ARCH = YES;
				SDKROOT = macosx;
			};
			name = Debug;
		};
		5476D4F61CAF888E0038913D /* Release */ = {
			isa = XCBuildConfiguration;
			buildSettings = {
				ALWAYS_SEARCH_USER_PATHS = NO;
				CLANG_ANALYZER_NONNULL = YES;
				CLANG_CXX_LANGUAGE_STANDARD = "gnu++0x";
				CLANG_CXX_LIBRARY = "libc++";
				CLANG_ENABLE_MODULES = YES;
				CLANG_ENABLE_OBJC_ARC = YES;
				CLANG_WARN_BOOL_CONVERSION = YES;
				CLANG_WARN_CONSTANT_CONVERSION = YES;
				CLANG_WARN_DIRECT_OBJC_ISA_USAGE = YES_ERROR;
				CLANG_WARN_EMPTY_BODY = YES;
				CLANG_WARN_ENUM_CONVERSION = YES;
				CLANG_WARN_INT_CONVERSION = YES;
				CLANG_WARN_OBJC_ROOT_CLASS = YES_ERROR;
				CLANG_WARN_UNREACHABLE_CODE = YES;
				CLANG_WARN__DUPLICATE_METHOD_MATCH = YES;
				CODE_SIGN_IDENTITY = "-";
				COPY_PHASE_STRIP = NO;
				DEBUG_INFORMATION_FORMAT = "dwarf-with-dsym";
				ENABLE_NS_ASSERTIONS = NO;
				ENABLE_STRICT_OBJC_MSGSEND = YES;
				GCC_C_LANGUAGE_STANDARD = gnu99;
				GCC_NO_COMMON_BLOCKS = YES;
				GCC_WARN_64_TO_32_BIT_CONVERSION = YES;
				GCC_WARN_ABOUT_RETURN_TYPE = YES_ERROR;
				GCC_WARN_UNDECLARED_SELECTOR = YES;
				GCC_WARN_UNINITIALIZED_AUTOS = YES_AGGRESSIVE;
				GCC_WARN_UNUSED_FUNCTION = YES;
				GCC_WARN_UNUSED_VARIABLE = YES;
				MACOSX_DEPLOYMENT_TARGET = 10.11;
				MTL_ENABLE_DEBUG_INFO = NO;
				SDKROOT = macosx;
			};
			name = Release;
		};
		5476D4F81CAF888E0038913D /* Debug */ = {
			isa = XCBuildConfiguration;
			buildSettings = {
				PRODUCT_NAME = "$(TARGET_NAME)";
			};
			name = Debug;
		};
		5476D4F91CAF888E0038913D /* Release */ = {
			isa = XCBuildConfiguration;
			buildSettings = {
				PRODUCT_NAME = "$(TARGET_NAME)";
			};
			name = Release;
		};
/* End XCBuildConfiguration section */

/* Begin XCConfigurationList section */
		5476D4EB1CAF888E0038913D /* Build configuration list for PBXProject "BCGame" */ = {
			isa = XCConfigurationList;
			buildConfigurations = (
				5476D4F51CAF888E0038913D /* Debug */,
				5476D4F61CAF888E0038913D /* Release */,
			);
			defaultConfigurationIsVisible = 0;
			defaultConfigurationName = Release;
		};
		5476D4F71CAF888E0038913D /* Build configuration list for PBXNativeTarget "BCGame" */ = {
			isa = XCConfigurationList;
			buildConfigurations = (
				5476D4F81CAF888E0038913D /* Debug */,
				5476D4F91CAF888E0038913D /* Release */,
			);
			defaultConfigurationIsVisible = 0;
			defaultConfigurationName = Release;
		};
/* End XCConfigurationList section */
	};
	rootObject = 5476D4E81CAF888E0038913D /* Project object */;
}
